{
  "name": "static",
  "lockfileVersion": 3,
  "requires": true,
  "packages": {
    "": {
      "dependencies": {
        "mathjax": "^2.7.9"
      }
    },
    "node_modules/mathjax": {
      "version": "2.7.9",
      "resolved": "https://registry.npmjs.org/mathjax/-/mathjax-2.7.9.tgz",
      "integrity": "sha512-NOGEDTIM9+MrsqnjPEjVGNx4q0GQxqm61yQwSK+/5S59i26wId5IC5gNu9/bu8+CCVl5p9G2IHcAl/wJa+5+BQ=="
    }
  }
}
